{
  "requires": true,
  "lockfileVersion": 1,
  "dependencies": {
    "twgl.js": {
      "version": "4.16.1",
      "resolved": "https://registry.npmjs.org/twgl.js/-/twgl.js-4.16.1.tgz",
      "integrity": "sha512-WUwIhsLdHjdsNWIJ5YmOkvA2Ytb0ACCzAIor/aCoNiT345iSMDvBj8p8vxO3pVoLdCFatkfYNgDXPaEwAKmnRw=="
    }
  }
}
